{
    "_readme": [
        "This file locks the dependencies of your project to a known state",
        "Read more about it at https://getcomposer.org/doc/01-basic-usage.md#installing-dependencies",
        "This file is @generated automatically"
    ],
    "content-hash": "9859e72e0818efa4e852450c2e9d57e8",
    "packages": [
        {
            "name": "flotiq/wordpress-content-type-definitions",
            "version": "0.1",
            "source": {
                "type": "git",
                "url": "https://github.com/flotiq/wordpress-content-type-definitions.git",
                "reference": "21e38cbce88b340bdbf1f23298bd8321f0c5210a"
            },
            "dist": {
                "type": "zip",
                "url": "https://api.github.com/repos/flotiq/wordpress-content-type-definitions/zipball/21e38cbce88b340bdbf1f23298bd8321f0c5210a",
                "reference": "21e38cbce88b340bdbf1f23298bd8321f0c5210a",
                "shasum": ""
            },
            "require": {
                "php": ">=5.3.0"
            },
            "type": "library",
            "notification-url": "https://packagist.org/downloads/",
            "license": [
                "proprietary"
            ],
            "authors": [
                {
                    "name": "Flotiq",
                    "email": "projects-flotiq@codewave.pl"
                }
            ],
            "description": "Content type definitions used by Wordpress importer 2 Flotiq",
            "support": {
                "issues": "https://github.com/flotiq/wordpress-content-type-definitions/issues",
                "source": "https://github.com/flotiq/wordpress-content-type-definitions/tree/0.1"
            },
            "time": "2021-03-31T10:29:05+00:00"
        }
    ],
    "packages-dev": [],
    "aliases": [],
    "minimum-stability": "stable",
    "stability-flags": [],
    "prefer-stable": false,
    "prefer-lowest": false,
    "platform": [],
    "platform-dev": [],
    "plugin-api-version": "2.0.0"
}
